
Microsoft Visual Studio Solution File, Format Version 12.00
# Visual Studio Version 17
VisualStudioVersion = 17.9.34701.34
MinimumVisualStudioVersion = 10.0.40219.1
Project("{9A19103F-16F7-4668-BE54-9A1E7A4F7556}") = "LIN.Allo.Shared", "LIN.Allo.Shared\LIN.Allo.Shared.csproj", "{ECBDAA83-BA9A-41E7-943F-552719B98B17}"
EndProject
Project("{9A19103F-16F7-4668-BE54-9A1E7A4F7556}") = "LIN.Emma.UI", "..\LIN.Emma.UI\LIN.Emma.UI\LIN.Emma.UI.csproj", "{073E1FC1-5915-4FAF-9CC5-C5FAEAD65853}"
EndProject
Global
	GlobalSection(SolutionConfigurationPlatforms) = preSolution
		Debug|Any CPU = Debug|Any CPU
		Release|Any CPU = Release|Any CPU
	EndGlobalSection
	GlobalSection(ProjectConfigurationPlatforms) = postSolution
		{ECBDAA83-BA9A-41E7-943F-552719B98B17}.Debug|Any CPU.ActiveCfg = Debug|Any CPU
		{ECBDAA83-BA9A-41E7-943F-552719B98B17}.Debug|Any CPU.Build.0 = Debug|Any CPU
		{ECBDAA83-BA9A-41E7-943F-552719B98B17}.Release|Any CPU.ActiveCfg = Release|Any CPU
		{ECBDAA83-BA9A-41E7-943F-552719B98B17}.Release|Any CPU.Build.0 = Release|Any CPU
		{073E1FC1-5915-4FAF-9CC5-C5FAEAD65853}.Debug|Any CPU.ActiveCfg = Debug|Any CPU
		{073E1FC1-5915-4FAF-9CC5-C5FAEAD65853}.Debug|Any CPU.Build.0 = Debug|Any CPU
		{073E1FC1-5915-4FAF-9CC5-C5FAEAD65853}.Release|Any CPU.ActiveCfg = Release|Any CPU
		{073E1FC1-5915-4FAF-9CC5-C5FAEAD65853}.Release|Any CPU.Build.0 = Release|Any CPU
	EndGlobalSection
	GlobalSection(SolutionProperties) = preSolution
		HideSolutionNode = FALSE
	EndGlobalSection
	GlobalSection(ExtensibilityGlobals) = postSolution
		SolutionGuid = {DBFEE9F0-1950-42D4-B789-3DDB84BA3C3B}
	EndGlobalSection
EndGlobal
